// !$*UTF8*$!
{
	archiveVersion = 1;
	classes = {
	};
	objectVersion = 52;
	objects = {

/* Begin PBXBuildFile section */
		FF0526C7249956EE00CB5F9B /* Wall.png in Resources */ = {isa = PBXBuildFile; fileRef = FF0526BA249956ED00CB5F9B /* Wall.png */; };
		FF0526C8249956EE00CB5F9B /* Baba.png in Resources */ = {isa = PBXBuildFile; fileRef = FF0526BB249956EE00CB5F9B /* Baba.png */; };
		FF0526C9249956EE00CB5F9B /* TextYou.png in Resources */ = {isa = PBXBuildFile; fileRef = FF0526BC249956EE00CB5F9B /* TextYou.png */; };
		FF0526CA249956EE00CB5F9B /* Flag.png in Resources */ = {isa = PBXBuildFile; fileRef = FF0526BD249956EE00CB5F9B /* Flag.png */; };
		FF0526CB249956EE00CB5F9B /* TextWall.png in Resources */ = {isa = PBXBuildFile; fileRef = FF0526BE249956EE00CB5F9B /* TextWall.png */; };
		FF0526CC249956EE00CB5F9B /* TextWin.png in Resources */ = {isa = PBXBuildFile; fileRef = FF0526BF249956EE00CB5F9B /* TextWin.png */; };
		FF0526CD249956EE00CB5F9B /* TextBaba.png in Resources */ = {isa = PBXBuildFile; fileRef = FF0526C0249956EE00CB5F9B /* TextBaba.png */; };
		FF0526CE249956EE00CB5F9B /* TextStop.png in Resources */ = {isa = PBXBuildFile; fileRef = FF0526C1249956EE00CB5F9B /* TextStop.png */; };
		FF0526CF249956EE00CB5F9B /* TextRock.png in Resources */ = {isa = PBXBuildFile; fileRef = FF0526C2249956EE00CB5F9B /* TextRock.png */; };
		FF0526D0249956EE00CB5F9B /* TextPush.png in Resources */ = {isa = PBXBuildFile; fileRef = FF0526C3249956EE00CB5F9B /* TextPush.png */; };
		FF0526D1249956EE00CB5F9B /* Rock.png in Resources */ = {isa = PBXBuildFile; fileRef = FF0526C4249956EE00CB5F9B /* Rock.png */; };
		FF0526D2249956EE00CB5F9B /* TextIs.png in Resources */ = {isa = PBXBuildFile; fileRef = FF0526C5249956EE00CB5F9B /* TextIs.png */; };
		FF0526D3249956EE00CB5F9B /* TextFlag.png in Resources */ = {isa = PBXBuildFile; fileRef = FF0526C6249956EE00CB5F9B /* TextFlag.png */; };
		FF2AE35425CF6AE200496E89 /* TextBaba-animated.png in Resources */ = {isa = PBXBuildFile; fileRef = FF2AE35325CF6AE200496E89 /* TextBaba-animated.png */; };
		FF3C9888249950AF00FFFB3D /* main.swift in Sources */ = {isa = PBXBuildFile; fileRef = FF3C9864249932E400FFFB3D /* main.swift */; };
		FF3C988B249950D000FFFB3D /* SwiftSDL2 in Frameworks */ = {isa = PBXBuildFile; productRef = FF3C988A249950D000FFFB3D /* SwiftSDL2 */; };
		FF69ED1724A278B8006B1A38 /* Level.swift in Sources */ = {isa = PBXBuildFile; fileRef = FF69ED1624A278B8006B1A38 /* Level.swift */; };
		FF69F7262524914300D9125F /* Island-00_Baba_Is_You.png in Resources */ = {isa = PBXBuildFile; fileRef = FF69F7252524914300D9125F /* Island-00_Baba_Is_You.png */; };
/* End PBXBuildFile section */

/* Begin PBXFileReference section */
		FF0526BA249956ED00CB5F9B /* Wall.png */ = {isa = PBXFileReference; lastKnownFileType = image.png; path = Wall.png; sourceTree = "<group>"; };
		FF0526BB249956EE00CB5F9B /* Baba.png */ = {isa = PBXFileReference; lastKnownFileType = image.png; path = Baba.png; sourceTree = "<group>"; };
		FF0526BC249956EE00CB5F9B /* TextYou.png */ = {isa = PBXFileReference; lastKnownFileType = image.png; path = TextYou.png; sourceTree = "<group>"; };
		FF0526BD249956EE00CB5F9B /* Flag.png */ = {isa = PBXFileReference; lastKnownFileType = image.png; path = Flag.png; sourceTree = "<group>"; };
		FF0526BE249956EE00CB5F9B /* TextWall.png */ = {isa = PBXFileReference; lastKnownFileType = image.png; path = TextWall.png; sourceTree = "<group>"; };
		FF0526BF249956EE00CB5F9B /* TextWin.png */ = {isa = PBXFileReference; lastKnownFileType = image.png; path = TextWin.png; sourceTree = "<group>"; };
		FF0526C0249956EE00CB5F9B /* TextBaba.png */ = {isa = PBXFileReference; lastKnownFileType = image.png; path = TextBaba.png; sourceTree = "<group>"; };
		FF0526C1249956EE00CB5F9B /* TextStop.png */ = {isa = PBXFileReference; lastKnownFileType = image.png; path = TextStop.png; sourceTree = "<group>"; };
		FF0526C2249956EE00CB5F9B /* TextRock.png */ = {isa = PBXFileReference; lastKnownFileType = image.png; path = TextRock.png; sourceTree = "<group>"; };
		FF0526C3249956EE00CB5F9B /* TextPush.png */ = {isa = PBXFileReference; lastKnownFileType = image.png; path = TextPush.png; sourceTree = "<group>"; };
		FF0526C4249956EE00CB5F9B /* Rock.png */ = {isa = PBXFileReference; lastKnownFileType = image.png; path = Rock.png; sourceTree = "<group>"; };
		FF0526C5249956EE00CB5F9B /* TextIs.png */ = {isa = PBXFileReference; lastKnownFileType = image.png; path = TextIs.png; sourceTree = "<group>"; };
		FF0526C6249956EE00CB5F9B /* TextFlag.png */ = {isa = PBXFileReference; lastKnownFileType = image.png; path = TextFlag.png; sourceTree = "<group>"; };
		FF2AE35325CF6AE200496E89 /* TextBaba-animated.png */ = {isa = PBXFileReference; lastKnownFileType = image.png; path = "TextBaba-animated.png"; sourceTree = "<group>"; };
		FF3C9864249932E400FFFB3D /* main.swift */ = {isa = PBXFileReference; lastKnownFileType = sourcecode.swift; path = main.swift; sourceTree = "<group>"; };
		FF3C98762499505A00FFFB3D /* BabaEresTuApp.app */ = {isa = PBXFileReference; explicitFileType = wrapper.application; includeInIndex = 0; path = BabaEresTuApp.app; sourceTree = BUILT_PRODUCTS_DIR; };
		FF3C98822499505E00FFFB3D /* BabaEresTuApp.entitlements */ = {isa = PBXFileReference; lastKnownFileType = text.plist.entitlements; path = BabaEresTuApp.entitlements; sourceTree = "<group>"; };
		FF3C98862499507F00FFFB3D /* Info.plist */ = {isa = PBXFileReference; fileEncoding = 4; lastKnownFileType = text.plist.xml; path = Info.plist; sourceTree = "<group>"; };
		FF69ED1624A278B8006B1A38 /* Level.swift */ = {isa = PBXFileReference; lastKnownFileType = sourcecode.swift; path = Level.swift; sourceTree = "<group>"; };
		FF69F7252524914300D9125F /* Island-00_Baba_Is_You.png */ = {isa = PBXFileReference; lastKnownFileType = image.png; path = "Island-00_Baba_Is_You.png"; sourceTree = "<group>"; };
/* End PBXFileReference section */

/* Begin PBXFrameworksBuildPhase section */
		FF3C98732499505A00FFFB3D /* Frameworks */ = {
			isa = PBXFrameworksBuildPhase;
			buildActionMask = 2147483647;
			files = (
				FF3C988B249950D000FFFB3D /* SwiftSDL2 in Frameworks */,
			);
			runOnlyForDeploymentPostprocessing = 0;
		};
/* End PBXFrameworksBuildPhase section */

/* Begin PBXGroup section */
		FF0526B72499527900CB5F9B /* Resources */ = {
			isa = PBXGroup;
			children = (
				FF0526BB249956EE00CB5F9B /* Baba.png */,
				FF0526BD249956EE00CB5F9B /* Flag.png */,
				FF0526C4249956EE00CB5F9B /* Rock.png */,
				FF0526C0249956EE00CB5F9B /* TextBaba.png */,
				FF0526C6249956EE00CB5F9B /* TextFlag.png */,
				FF0526C5249956EE00CB5F9B /* TextIs.png */,
				FF0526C3249956EE00CB5F9B /* TextPush.png */,
				FF0526C2249956EE00CB5F9B /* TextRock.png */,
				FF0526C1249956EE00CB5F9B /* TextStop.png */,
				FF0526BE249956EE00CB5F9B /* TextWall.png */,
				FF0526BF249956EE00CB5F9B /* TextWin.png */,
				FF0526BC249956EE00CB5F9B /* TextYou.png */,
				FF2AE35325CF6AE200496E89 /* TextBaba-animated.png */,
				FF0526BA249956ED00CB5F9B /* Wall.png */,
			);
			path = Resources;
			sourceTree = "<group>";
		};
		FF3C9858249932E400FFFB3D = {
			isa = PBXGroup;
			children = (
				FF3C98772499505A00FFFB3D /* BabaEresTuApp */,
				FF3C9862249932E400FFFB3D /* Products */,
				FF3C9889249950D000FFFB3D /* Frameworks */,
			);
			sourceTree = "<group>";
		};
		FF3C9862249932E400FFFB3D /* Products */ = {
			isa = PBXGroup;
			children = (
				FF3C98762499505A00FFFB3D /* BabaEresTuApp.app */,
			);
			name = Products;
			sourceTree = "<group>";
		};
		FF3C98772499505A00FFFB3D /* BabaEresTuApp */ = {
			isa = PBXGroup;
			children = (
				FF69ED1524A278A8006B1A38 /* Level */,
				FF0526B72499527900CB5F9B /* Resources */,
				FF3C9864249932E400FFFB3D /* main.swift */,
				FF3C98862499507F00FFFB3D /* Info.plist */,
				FF69F7252524914300D9125F /* Island-00_Baba_Is_You.png */,
				FF3C98822499505E00FFFB3D /* BabaEresTuApp.entitlements */,
			);
			path = BabaEresTuApp;
			sourceTree = "<group>";
		};
		FF3C9889249950D000FFFB3D /* Frameworks */ = {
			isa = PBXGroup;
			children = (
			);
			name = Frameworks;
			sourceTree = "<group>";
		};
		FF69ED1524A278A8006B1A38 /* Level */ = {
			isa = PBXGroup;
			children = (
				FF69ED1624A278B8006B1A38 /* Level.swift */,
			);
			path = Level;
			sourceTree = "<group>";
		};
/* End PBXGroup section */

/* Begin PBXNativeTarget section */
		FF3C98752499505A00FFFB3D /* BabaEresTuApp */ = {
			isa = PBXNativeTarget;
			buildConfigurationList = FF3C98832499505E00FFFB3D /* Build configuration list for PBXNativeTarget "BabaEresTuApp" */;
			buildPhases = (
				FF3C98722499505A00FFFB3D /* Sources */,
				FF3C98732499505A00FFFB3D /* Frameworks */,
				FF3C98742499505A00FFFB3D /* Resources */,
			);
			buildRules = (
			);
			dependencies = (
			);
			name = BabaEresTuApp;
			packageProductDependencies = (
				FF3C988A249950D000FFFB3D /* SwiftSDL2 */,
			);
			productName = BabaEresTuApp;
			productReference = FF3C98762499505A00FFFB3D /* BabaEresTuApp.app */;
			productType = "com.apple.product-type.application";
		};
/* End PBXNativeTarget section */

/* Begin PBXProject section */
		FF3C9859249932E400FFFB3D /* Project object */ = {
			isa = PBXProject;
			attributes = {
				LastSwiftUpdateCheck = 1150;
				LastUpgradeCheck = 1200;
				ORGANIZATIONNAME = LiserCorp;
				TargetAttributes = {
					FF3C98752499505A00FFFB3D = {
						CreatedOnToolsVersion = 11.5;
					};
				};
			};
			buildConfigurationList = FF3C985C249932E400FFFB3D /* Build configuration list for PBXProject "BabaEresTu" */;
			compatibilityVersion = "Xcode 9.3";
			developmentRegion = en;
			hasScannedForEncodings = 0;
			knownRegions = (
				en,
				Base,
			);
			mainGroup = FF3C9858249932E400FFFB3D;
			packageReferences = (
				FF3C986E24993DD600FFFB3D /* XCRemoteSwiftPackageReference "SwiftSDL" */,
			);
			productRefGroup = FF3C9862249932E400FFFB3D /* Products */;
			projectDirPath = "";
			projectRoot = "";
			targets = (
				FF3C98752499505A00FFFB3D /* BabaEresTuApp */,
			);
		};
/* End PBXProject section */

/* Begin PBXResourcesBuildPhase section */
		FF3C98742499505A00FFFB3D /* Resources */ = {
			isa = PBXResourcesBuildPhase;
			buildActionMask = 2147483647;
			files = (
				FF0526D2249956EE00CB5F9B /* TextIs.png in Resources */,
				FF0526C7249956EE00CB5F9B /* Wall.png in Resources */,
				FF0526CC249956EE00CB5F9B /* TextWin.png in Resources */,
				FF0526CB249956EE00CB5F9B /* TextWall.png in Resources */,
				FF2AE35425CF6AE200496E89 /* TextBaba-animated.png in Resources */,
				FF0526C8249956EE00CB5F9B /* Baba.png in Resources */,
				FF0526D1249956EE00CB5F9B /* Rock.png in Resources */,
				FF0526CE249956EE00CB5F9B /* TextStop.png in Resources */,
				FF0526D3249956EE00CB5F9B /* TextFlag.png in Resources */,
				FF0526CF249956EE00CB5F9B /* TextRock.png in Resources */,
				FF0526CA249956EE00CB5F9B /* Flag.png in Resources */,
				FF0526D0249956EE00CB5F9B /* TextPush.png in Resources */,
				FF69F7262524914300D9125F /* Island-00_Baba_Is_You.png in Resources */,
				FF0526C9249956EE00CB5F9B /* TextYou.png in Resources */,
				FF0526CD249956EE00CB5F9B /* TextBaba.png in Resources */,
			);
			runOnlyForDeploymentPostprocessing = 0;
		};
/* End PBXResourcesBuildPhase section */

/* Begin PBXSourcesBuildPhase section */
		FF3C98722499505A00FFFB3D /* Sources */ = {
			isa = PBXSourcesBuildPhase;
			buildActionMask = 2147483647;
			files = (
				FF69ED1724A278B8006B1A38 /* Level.swift in Sources */,
				FF3C9888249950AF00FFFB3D /* main.swift in Sources */,
			);
			runOnlyForDeploymentPostprocessing = 0;
		};
/* End PBXSourcesBuildPhase section */

/* Begin XCBuildConfiguration section */
		FF3C9866249932E400FFFB3D /* Debug */ = {
			isa = XCBuildConfiguration;
			buildSettings = {
				ALWAYS_SEARCH_USER_PATHS = NO;
				CLANG_ANALYZER_NONNULL = YES;
				CLANG_ANALYZER_NUMBER_OBJECT_CONVERSION = YES_AGGRESSIVE;
				CLANG_CXX_LANGUAGE_STANDARD = "gnu++14";
				CLANG_CXX_LIBRARY = "libc++";
				CLANG_ENABLE_MODULES = YES;
				CLANG_ENABLE_OBJC_ARC = YES;
				CLANG_ENABLE_OBJC_WEAK = YES;
				CLANG_WARN_BLOCK_CAPTURE_AUTORELEASING = YES;
				CLANG_WARN_BOOL_CONVERSION = YES;
				CLANG_WARN_COMMA = YES;
				CLANG_WARN_CONSTANT_CONVERSION = YES;
				CLANG_WARN_DEPRECATED_OBJC_IMPLEMENTATIONS = YES;
				CLANG_WARN_DIRECT_OBJC_ISA_USAGE = YES_ERROR;
				CLANG_WARN_DOCUMENTATION_COMMENTS = YES;
				CLANG_WARN_EMPTY_BODY = YES;
				CLANG_WARN_ENUM_CONVERSION = YES;
				CLANG_WARN_INFINITE_RECURSION = YES;
				CLANG_WARN_INT_CONVERSION = YES;
				CLANG_WARN_NON_LITERAL_NULL_CONVERSION = YES;
				CLANG_WARN_OBJC_IMPLICIT_RETAIN_SELF = YES;
				CLANG_WARN_OBJC_LITERAL_CONVERSION = YES;
				CLANG_WARN_OBJC_ROOT_CLASS = YES_ERROR;
				CLANG_WARN_QUOTED_INCLUDE_IN_FRAMEWORK_HEADER = YES;
				CLANG_WARN_RANGE_LOOP_ANALYSIS = YES;
				CLANG_WARN_STRICT_PROTOTYPES = YES;
				CLANG_WARN_SUSPICIOUS_MOVE = YES;
				CLANG_WARN_UNGUARDED_AVAILABILITY = YES_AGGRESSIVE;
				CLANG_WARN_UNREACHABLE_CODE = YES;
				CLANG_WARN__DUPLICATE_METHOD_MATCH = YES;
				COPY_PHASE_STRIP = NO;
				DEBUG_INFORMATION_FORMAT = dwarf;
				ENABLE_STRICT_OBJC_MSGSEND = YES;
				ENABLE_TESTABILITY = YES;
				GCC_C_LANGUAGE_STANDARD = gnu11;
				GCC_DYNAMIC_NO_PIC = NO;
				GCC_NO_COMMON_BLOCKS = YES;
				GCC_OPTIMIZATION_LEVEL = 0;
				GCC_PREPROCESSOR_DEFINITIONS = (
					"DEBUG=1",
					"$(inherited)",
				);
				GCC_WARN_64_TO_32_BIT_CONVERSION = YES;
				GCC_WARN_ABOUT_RETURN_TYPE = YES_ERROR;
				GCC_WARN_UNDECLARED_SELECTOR = YES;
				GCC_WARN_UNINITIALIZED_AUTOS = YES_AGGRESSIVE;
				GCC_WARN_UNUSED_FUNCTION = YES;
				GCC_WARN_UNUSED_VARIABLE = YES;
				MACOSX_DEPLOYMENT_TARGET = 10.15;
				MTL_ENABLE_DEBUG_INFO = INCLUDE_SOURCE;
				MTL_FAST_MATH = YES;
				ONLY_ACTIVE_ARCH = YES;
				SDKROOT = macosx;
				SWIFT_ACTIVE_COMPILATION_CONDITIONS = DEBUG;
				SWIFT_OPTIMIZATION_LEVEL = "-Onone";
			};
			name = Debug;
		};
		FF3C9867249932E400FFFB3D /* Release */ = {
			isa = XCBuildConfiguration;
			buildSettings = {
				ALWAYS_SEARCH_USER_PATHS = NO;
				CLANG_ANALYZER_NONNULL = YES;
				CLANG_ANALYZER_NUMBER_OBJECT_CONVERSION = YES_AGGRESSIVE;
				CLANG_CXX_LANGUAGE_STANDARD = "gnu++14";
				CLANG_CXX_LIBRARY = "libc++";
				CLANG_ENABLE_MODULES = YES;
				CLANG_ENABLE_OBJC_ARC = YES;
				CLANG_ENABLE_OBJC_WEAK = YES;
				CLANG_WARN_BLOCK_CAPTURE_AUTORELEASING = YES;
				CLANG_WARN_BOOL_CONVERSION = YES;
				CLANG_WARN_COMMA = YES;
				CLANG_WARN_CONSTANT_CONVERSION = YES;
				CLANG_WARN_DEPRECATED_OBJC_IMPLEMENTATIONS = YES;
				CLANG_WARN_DIRECT_OBJC_ISA_USAGE = YES_ERROR;
				CLANG_WARN_DOCUMENTATION_COMMENTS = YES;
				CLANG_WARN_EMPTY_BODY = YES;
				CLANG_WARN_ENUM_CONVERSION = YES;
				CLANG_WARN_INFINITE_RECURSION = YES;
				CLANG_WARN_INT_CONVERSION = YES;
				CLANG_WARN_NON_LITERAL_NULL_CONVERSION = YES;
				CLANG_WARN_OBJC_IMPLICIT_RETAIN_SELF = YES;
				CLANG_WARN_OBJC_LITERAL_CONVERSION = YES;
				CLANG_WARN_OBJC_ROOT_CLASS = YES_ERROR;
				CLANG_WARN_QUOTED_INCLUDE_IN_FRAMEWORK_HEADER = YES;
				CLANG_WARN_RANGE_LOOP_ANALYSIS = YES;
				CLANG_WARN_STRICT_PROTOTYPES = YES;
				CLANG_WARN_SUSPICIOUS_MOVE = YES;
				CLANG_WARN_UNGUARDED_AVAILABILITY = YES_AGGRESSIVE;
				CLANG_WARN_UNREACHABLE_CODE = YES;
				CLANG_WARN__DUPLICATE_METHOD_MATCH = YES;
				COPY_PHASE_STRIP = NO;
				DEBUG_INFORMATION_FORMAT = "dwarf-with-dsym";
				ENABLE_NS_ASSERTIONS = NO;
				ENABLE_STRICT_OBJC_MSGSEND = YES;
				GCC_C_LANGUAGE_STANDARD = gnu11;
				GCC_NO_COMMON_BLOCKS = YES;
				GCC_WARN_64_TO_32_BIT_CONVERSION = YES;
				GCC_WARN_ABOUT_RETURN_TYPE = YES_ERROR;
				GCC_WARN_UNDECLARED_SELECTOR = YES;
				GCC_WARN_UNINITIALIZED_AUTOS = YES_AGGRESSIVE;
				GCC_WARN_UNUSED_FUNCTION = YES;
				GCC_WARN_UNUSED_VARIABLE = YES;
				MACOSX_DEPLOYMENT_TARGET = 10.15;
				MTL_ENABLE_DEBUG_INFO = NO;
				MTL_FAST_MATH = YES;
				SDKROOT = macosx;
				SWIFT_COMPILATION_MODE = wholemodule;
				SWIFT_OPTIMIZATION_LEVEL = "-O";
			};
			name = Release;
		};
		FF3C98842499505E00FFFB3D /* Debug */ = {
			isa = XCBuildConfiguration;
			buildSettings = {
				CODE_SIGN_ENTITLEMENTS = BabaEresTuApp/BabaEresTuApp.entitlements;
				CODE_SIGN_IDENTITY = "-";
				CODE_SIGN_STYLE = Automatic;
				COMBINE_HIDPI_IMAGES = YES;
				DEVELOPMENT_TEAM = 3F7SUY6C44;
				ENABLE_HARDENED_RUNTIME = YES;
				INFOPLIST_FILE = BabaEresTuApp/Info.plist;
				LD_RUNPATH_SEARCH_PATHS = (
					"$(inherited)",
					"@executable_path/../Frameworks",
				);
				PRODUCT_BUNDLE_IDENTIFIER = com.lisercorp.BabaEresTuApp;
				PRODUCT_NAME = "$(TARGET_NAME)";
				SWIFT_VERSION = 5.0;
			};
			name = Debug;
		};
		FF3C98852499505E00FFFB3D /* Release */ = {
			isa = XCBuildConfiguration;
			buildSettings = {
				CODE_SIGN_ENTITLEMENTS = BabaEresTuApp/BabaEresTuApp.entitlements;
				CODE_SIGN_IDENTITY = "-";
				CODE_SIGN_STYLE = Automatic;
				COMBINE_HIDPI_IMAGES = YES;
				DEVELOPMENT_TEAM = 3F7SUY6C44;
				ENABLE_HARDENED_RUNTIME = YES;
				INFOPLIST_FILE = BabaEresTuApp/Info.plist;
				LD_RUNPATH_SEARCH_PATHS = (
					"$(inherited)",
					"@executable_path/../Frameworks",
				);
				PRODUCT_BUNDLE_IDENTIFIER = com.lisercorp.BabaEresTuApp;
				PRODUCT_NAME = "$(TARGET_NAME)";
				SWIFT_VERSION = 5.0;
			};
			name = Release;
		};
/* End XCBuildConfiguration section */

/* Begin XCConfigurationList section */
		FF3C985C249932E400FFFB3D /* Build configuration list for PBXProject "BabaEresTu" */ = {
			isa = XCConfigurationList;
			buildConfigurations = (
				FF3C9866249932E400FFFB3D /* Debug */,
				FF3C9867249932E400FFFB3D /* Release */,
			);
			defaultConfigurationIsVisible = 0;
			defaultConfigurationName = Release;
		};
		FF3C98832499505E00FFFB3D /* Build configuration list for PBXNativeTarget "BabaEresTuApp" */ = {
			isa = XCConfigurationList;
			buildConfigurations = (
				FF3C98842499505E00FFFB3D /* Debug */,
				FF3C98852499505E00FFFB3D /* Release */,
			);
			defaultConfigurationIsVisible = 0;
			defaultConfigurationName = Release;
		};
/* End XCConfigurationList section */

/* Begin XCRemoteSwiftPackageReference section */
		FF3C986E24993DD600FFFB3D /* XCRemoteSwiftPackageReference "SwiftSDL" */ = {
			isa = XCRemoteSwiftPackageReference;
			repositoryURL = "https://github.com/KevinVitale/SwiftSDL.git";
			requirement = {
				branch = master;
				kind = branch;
			};
		};
/* End XCRemoteSwiftPackageReference section */

/* Begin XCSwiftPackageProductDependency section */
		FF3C988A249950D000FFFB3D /* SwiftSDL2 */ = {
			isa = XCSwiftPackageProductDependency;
			package = FF3C986E24993DD600FFFB3D /* XCRemoteSwiftPackageReference "SwiftSDL" */;
			productName = SwiftSDL2;
		};
/* End XCSwiftPackageProductDependency section */
	};
	rootObject = FF3C9859249932E400FFFB3D /* Project object */;
}
